# This file is autogenerated, do not edit; changes may be undone by the next 'dep ensure'.


[[projects]]
  branch = "master"
  name = "github.com/google/go-containerregistry"
  packages = [
    "authn",
    "name",
    "v1",
    "v1/empty",
    "v1/mutate",
    "v1/partial",
    "v1/random",
    "v1/remote",
    "v1/remote/transport",
    "v1/types",
    "v1/v1util"
  ]
  revision = "0d41acd52a1411a440f0cd3071cfecbeb8c8cf52"

[solve-meta]
  analyzer-name = "dep"
  analyzer-version = 1
  inputs-digest = "4178b5f3b45deeebe15f25059444a1bceee55aaeb2ab068e441de099e610a981"
  solver-name = "gps-cdcl"
  solver-version = 1
